
Microsoft Visual Studio Solution File, Format Version 12.00
# Visual Studio Version 17
VisualStudioVersion = 17.0.31903.59
MinimumVisualStudioVersion = 10.0.40219.1
Project("{2150E333-8FDC-42A3-9474-1A3956D46DE8}") = "src", "src", "{15CFFDA6-B101-4DCB-B3B0-8F8AEA4CF086}"
EndProject
Project("{FAE04EC0-301F-11D3-BF4B-00C04F79EFBC}") = "dotnet-sample-app", "src\dotnet-sample-app\dotnet-sample-app.csproj", "{F89EF73A-9C39-48B3-9900-4FEFFDC771BD}"
EndProject
Project("{FAE04EC0-301F-11D3-BF4B-00C04F79EFBC}") = "dotnet-sample-app.Tests", "src\dotnet-sample-app.Tests\dotnet-sample-app.Tests.csproj", "{02E77805-6BFD-4ABA-AAE9-BF67D4EF8B27}"
EndProject
Global
	GlobalSection(SolutionConfigurationPlatforms) = preSolution
		Debug|Any CPU = Debug|Any CPU
		Release|Any CPU = Release|Any CPU
	EndGlobalSection
	GlobalSection(SolutionProperties) = preSolution
		HideSolutionNode = FALSE
	EndGlobalSection
	GlobalSection(ProjectConfigurationPlatforms) = postSolution
		{F89EF73A-9C39-48B3-9900-4FEFFDC771BD}.Debug|Any CPU.ActiveCfg = Debug|Any CPU
		{F89EF73A-9C39-48B3-9900-4FEFFDC771BD}.Debug|Any CPU.Build.0 = Debug|Any CPU
		{F89EF73A-9C39-48B3-9900-4FEFFDC771BD}.Release|Any CPU.ActiveCfg = Release|Any CPU
		{F89EF73A-9C39-48B3-9900-4FEFFDC771BD}.Release|Any CPU.Build.0 = Release|Any CPU
		{02E77805-6BFD-4ABA-AAE9-BF67D4EF8B27}.Debug|Any CPU.ActiveCfg = Debug|Any CPU
		{02E77805-6BFD-4ABA-AAE9-BF67D4EF8B27}.Debug|Any CPU.Build.0 = Debug|Any CPU
		{02E77805-6BFD-4ABA-AAE9-BF67D4EF8B27}.Release|Any CPU.ActiveCfg = Release|Any CPU
		{02E77805-6BFD-4ABA-AAE9-BF67D4EF8B27}.Release|Any CPU.Build.0 = Release|Any CPU
	EndGlobalSection
	GlobalSection(NestedProjects) = preSolution
		{F89EF73A-9C39-48B3-9900-4FEFFDC771BD} = {15CFFDA6-B101-4DCB-B3B0-8F8AEA4CF086}
		{02E77805-6BFD-4ABA-AAE9-BF67D4EF8B27} = {15CFFDA6-B101-4DCB-B3B0-8F8AEA4CF086}
	EndGlobalSection
EndGlobal
